
Microsoft Visual Studio Solution File, Format Version 12.00
Project("{2150E333-8FDC-42A3-9474-1A3956D46DE8}") = "src", "src", "{BB7EB14C-37D7-4E35-87ED-BAF1FC461D06}"
EndProject
Project("{FAE04EC0-301F-11D3-BF4B-00C04F79EFBC}") = "Ferramentas.Desktop", "src\Ferramentas.Desktop\Ferramentas.Desktop.csproj", "{A8E94987-FE8E-49C4-B6BD-71BCE9A03B95}"
EndProject
Global
	GlobalSection(SolutionConfigurationPlatforms) = preSolution
		Debug|Any CPU = Debug|Any CPU
		Release|Any CPU = Release|Any CPU
	EndGlobalSection
	GlobalSection(NestedProjects) = preSolution
		{A8E94987-FE8E-49C4-B6BD-71BCE9A03B95} = {BB7EB14C-37D7-4E35-87ED-BAF1FC461D06}
	EndGlobalSection
	GlobalSection(ProjectConfigurationPlatforms) = postSolution
		{A8E94987-FE8E-49C4-B6BD-71BCE9A03B95}.Debug|Any CPU.ActiveCfg = Debug|Any CPU
		{A8E94987-FE8E-49C4-B6BD-71BCE9A03B95}.Debug|Any CPU.Build.0 = Debug|Any CPU
		{A8E94987-FE8E-49C4-B6BD-71BCE9A03B95}.Release|Any CPU.ActiveCfg = Release|Any CPU
		{A8E94987-FE8E-49C4-B6BD-71BCE9A03B95}.Release|Any CPU.Build.0 = Release|Any CPU
	EndGlobalSection
EndGlobal
